
Microsoft Visual Studio Solution File, Format Version 12.00
# Visual Studio Version 17
VisualStudioVersion = 17.0.32428.209
MinimumVisualStudioVersion = 10.0.40219.1
Project("{FAE04EC0-301F-11D3-BF4B-00C04F79EFBC}") = "RenameFile", "RenameFile\RenameFile.csproj", "{C20E9039-B003-4E8C-9FB5-8635C62E2A42}"
EndProject
Global
	GlobalSection(SolutionConfigurationPlatforms) = preSolution
		Debug|Any CPU = Debug|Any CPU
		Release|Any CPU = Release|Any CPU
	EndGlobalSection
	GlobalSection(ProjectConfigurationPlatforms) = postSolution
		{C20E9039-B003-4E8C-9FB5-8635C62E2A42}.Debug|Any CPU.ActiveCfg = Debug|Any CPU
		{C20E9039-B003-4E8C-9FB5-8635C62E2A42}.Debug|Any CPU.Build.0 = Debug|Any CPU
		{C20E9039-B003-4E8C-9FB5-8635C62E2A42}.Release|Any CPU.ActiveCfg = Release|Any CPU
		{C20E9039-B003-4E8C-9FB5-8635C62E2A42}.Release|Any CPU.Build.0 = Release|Any CPU
	EndGlobalSection
	GlobalSection(SolutionProperties) = preSolution
		HideSolutionNode = FALSE
	EndGlobalSection
	GlobalSection(ExtensibilityGlobals) = postSolution
		SolutionGuid = {FC9D7708-21B5-40A5-AF93-C7D3CB3FF9B1}
	EndGlobalSection
EndGlobal
